
Microsoft Visual Studio Solution File, Format Version 12.00
# Visual Studio Version 17
VisualStudioVersion = 17.2.32630.192
MinimumVisualStudioVersion = 10.0.40219.1
Project("{FAE04EC0-301F-11D3-BF4B-00C04F79EFBC}") = "ConsoleApp3", "ConsoleApp3\ConsoleApp3.csproj", "{48FCECA5-C61B-48B2-9269-3A2F2C0127DB}"
EndProject
Global
	GlobalSection(SolutionConfigurationPlatforms) = preSolution
		Debug|Any CPU = Debug|Any CPU
		Release|Any CPU = Release|Any CPU
	EndGlobalSection
	GlobalSection(ProjectConfigurationPlatforms) = postSolution
		{48FCECA5-C61B-48B2-9269-3A2F2C0127DB}.Debug|Any CPU.ActiveCfg = Debug|Any CPU
		{48FCECA5-C61B-48B2-9269-3A2F2C0127DB}.Debug|Any CPU.Build.0 = Debug|Any CPU
		{48FCECA5-C61B-48B2-9269-3A2F2C0127DB}.Release|Any CPU.ActiveCfg = Release|Any CPU
		{48FCECA5-C61B-48B2-9269-3A2F2C0127DB}.Release|Any CPU.Build.0 = Release|Any CPU
	EndGlobalSection
	GlobalSection(SolutionProperties) = preSolution
		HideSolutionNode = FALSE
	EndGlobalSection
	GlobalSection(ExtensibilityGlobals) = postSolution
		SolutionGuid = {76A413E9-AF29-4F97-B52B-B29B81895354}
	EndGlobalSection
EndGlobal
